
Microsoft Visual Studio Solution File, Format Version 12.00
# Visual Studio 15
VisualStudioVersion = 15.0.28307.421
MinimumVisualStudioVersion = 10.0.40219.1
Project("{FAE04EC0-301F-11D3-BF4B-00C04F79EFBC}") = "CascadeDeleteDemo", "CascadeDeleteDemo\CascadeDeleteDemo.csproj", "{B0920954-73BA-4EB6-8338-3E2279B879CB}"
EndProject
Global
	GlobalSection(SolutionConfigurationPlatforms) = preSolution
		Debug|Any CPU = Debug|Any CPU
		Release|Any CPU = Release|Any CPU
	EndGlobalSection
	GlobalSection(ProjectConfigurationPlatforms) = postSolution
		{B0920954-73BA-4EB6-8338-3E2279B879CB}.Debug|Any CPU.ActiveCfg = Debug|Any CPU
		{B0920954-73BA-4EB6-8338-3E2279B879CB}.Debug|Any CPU.Build.0 = Debug|Any CPU
		{B0920954-73BA-4EB6-8338-3E2279B879CB}.Release|Any CPU.ActiveCfg = Release|Any CPU
		{B0920954-73BA-4EB6-8338-3E2279B879CB}.Release|Any CPU.Build.0 = Release|Any CPU
	EndGlobalSection
	GlobalSection(SolutionProperties) = preSolution
		HideSolutionNode = FALSE
	EndGlobalSection
	GlobalSection(ExtensibilityGlobals) = postSolution
		SolutionGuid = {A34D8A59-1FFB-451B-972C-92D0AA1777D7}
	EndGlobalSection
EndGlobal
